
Microsoft Visual Studio Solution File, Format Version 12.00
# Visual Studio Version 17
VisualStudioVersion = 17.1.32421.90
MinimumVisualStudioVersion = 10.0.40219.1
Project("{6EC3EE1D-3C4E-46DD-8F32-0CC8E7565705}") = "FsODE", "src\FsODE\FsODE.fsproj", "{A60C8750-4D56-4AA3-A913-93DE32CCAF74}"
EndProject
Project("{6EC3EE1D-3C4E-46DD-8F32-0CC8E7565705}") = "build", "build\build.fsproj", "{9312C73E-858F-4D6A-95DF-13DFEBE7B0D6}"
EndProject
Project("{2150E333-8FDC-42A3-9474-1A3956D46DE8}") = "build", "build", "{7B8A4C5D-01BF-482C-883C-F06E57B19461}"
	ProjectSection(SolutionItems) = preProject
		build.cmd = build.cmd
		build.sh = build.sh
	EndProjectSection
EndProject
Project("{2150E333-8FDC-42A3-9474-1A3956D46DE8}") = "tests", "tests", "{CA7FBA5D-4484-4342-8917-5DBB47EEB033}"
EndProject
Project("{6EC3EE1D-3C4E-46DD-8F32-0CC8E7565705}") = "FsODE.Tests", "tests\FsODE.Tests\FsODE.Tests.fsproj", "{5778DCBA-533A-403A-9BAA-62CFA2737ED8}"
EndProject
Project("{2150E333-8FDC-42A3-9474-1A3956D46DE8}") = "project", "project", "{B6B3B9B6-A6A2-43EA-9430-8A301CA3D94C}"
	ProjectSection(SolutionItems) = preProject
		.gitignore = .gitignore
		.config\dotnet-tools.json = .config\dotnet-tools.json
		LICENSE = LICENSE
		README.md = README.md
	EndProjectSection
EndProject
Project("{2150E333-8FDC-42A3-9474-1A3956D46DE8}") = "docs", "docs", "{3782110F-B58B-46B4-959A-972151B59453}"
	ProjectSection(SolutionItems) = preProject
		docs\index.fsx = docs\index.fsx
		docs\_template.fsx = docs\_template.fsx
		docs\_template.html = docs\_template.html
		docs\_template.ipynb = docs\_template.ipynb
	EndProjectSection
EndProject
Project("{2150E333-8FDC-42A3-9474-1A3956D46DE8}") = "content", "content", "{411E7880-3731-4A76-AA2C-17B87343689D}"
	ProjectSection(SolutionItems) = preProject
		docs\content\fsdocs-custom.css = docs\content\fsdocs-custom.css
	EndProjectSection
EndProject
Project("{2150E333-8FDC-42A3-9474-1A3956D46DE8}") = "reference", "reference", "{49172319-FAD2-4DCA-B759-89940BB1F310}"
	ProjectSection(SolutionItems) = preProject
		docs\reference\_template.html = docs\reference\_template.html
	EndProjectSection
EndProject
Project("{2150E333-8FDC-42A3-9474-1A3956D46DE8}") = ".ci", ".ci", "{C2922E46-4568-44AA-9310-397B844373D1}"
	ProjectSection(SolutionItems) = preProject
		.github\workflows\build-and-deploy-docs.yml = .github\workflows\build-and-deploy-docs.yml
		.github\workflows\build-and-test.yml = .github\workflows\build-and-test.yml
	EndProjectSection
EndProject
Project("{9A19103F-16F7-4668-BE54-9A1E7A4F7556}") = "AltaxoCore.Redist", "src\AltaxoCore\AltaxoCore\Altaxo\Core\AltaxoCore.Redist.csproj", "{7AC81070-7A22-4F41-A8AA-EB04B423E71A}"
EndProject
Project("{9A19103F-16F7-4668-BE54-9A1E7A4F7556}") = "AltaxoCoreTest", "src\AltaxoCore\AltaxoCore\Altaxo\CoreTest\AltaxoCoreTest.csproj", "{2E38A2F6-1D86-42A8-901D-91DA1226E44D}"
EndProject
Global
	GlobalSection(SolutionConfigurationPlatforms) = preSolution
		Debug|Any CPU = Debug|Any CPU
		Release|Any CPU = Release|Any CPU
	EndGlobalSection
	GlobalSection(ProjectConfigurationPlatforms) = postSolution
		{A60C8750-4D56-4AA3-A913-93DE32CCAF74}.Debug|Any CPU.ActiveCfg = Debug|Any CPU
		{A60C8750-4D56-4AA3-A913-93DE32CCAF74}.Debug|Any CPU.Build.0 = Debug|Any CPU
		{A60C8750-4D56-4AA3-A913-93DE32CCAF74}.Release|Any CPU.ActiveCfg = Release|Any CPU
		{A60C8750-4D56-4AA3-A913-93DE32CCAF74}.Release|Any CPU.Build.0 = Release|Any CPU
		{9312C73E-858F-4D6A-95DF-13DFEBE7B0D6}.Debug|Any CPU.ActiveCfg = Debug|Any CPU
		{9312C73E-858F-4D6A-95DF-13DFEBE7B0D6}.Debug|Any CPU.Build.0 = Debug|Any CPU
		{9312C73E-858F-4D6A-95DF-13DFEBE7B0D6}.Release|Any CPU.ActiveCfg = Release|Any CPU
		{9312C73E-858F-4D6A-95DF-13DFEBE7B0D6}.Release|Any CPU.Build.0 = Release|Any CPU
		{5778DCBA-533A-403A-9BAA-62CFA2737ED8}.Debug|Any CPU.ActiveCfg = Debug|Any CPU
		{5778DCBA-533A-403A-9BAA-62CFA2737ED8}.Debug|Any CPU.Build.0 = Debug|Any CPU
		{5778DCBA-533A-403A-9BAA-62CFA2737ED8}.Release|Any CPU.ActiveCfg = Release|Any CPU
		{5778DCBA-533A-403A-9BAA-62CFA2737ED8}.Release|Any CPU.Build.0 = Release|Any CPU
		{7AC81070-7A22-4F41-A8AA-EB04B423E71A}.Debug|Any CPU.ActiveCfg = Debug|Any CPU
		{7AC81070-7A22-4F41-A8AA-EB04B423E71A}.Debug|Any CPU.Build.0 = Debug|Any CPU
		{7AC81070-7A22-4F41-A8AA-EB04B423E71A}.Release|Any CPU.ActiveCfg = Release|Any CPU
		{7AC81070-7A22-4F41-A8AA-EB04B423E71A}.Release|Any CPU.Build.0 = Release|Any CPU
		{2E38A2F6-1D86-42A8-901D-91DA1226E44D}.Debug|Any CPU.ActiveCfg = Debug|Any CPU
		{2E38A2F6-1D86-42A8-901D-91DA1226E44D}.Debug|Any CPU.Build.0 = Debug|Any CPU
		{2E38A2F6-1D86-42A8-901D-91DA1226E44D}.Release|Any CPU.ActiveCfg = Release|Any CPU
		{2E38A2F6-1D86-42A8-901D-91DA1226E44D}.Release|Any CPU.Build.0 = Release|Any CPU
	EndGlobalSection
	GlobalSection(SolutionProperties) = preSolution
		HideSolutionNode = FALSE
	EndGlobalSection
	GlobalSection(NestedProjects) = preSolution
		{9312C73E-858F-4D6A-95DF-13DFEBE7B0D6} = {7B8A4C5D-01BF-482C-883C-F06E57B19461}
		{5778DCBA-533A-403A-9BAA-62CFA2737ED8} = {CA7FBA5D-4484-4342-8917-5DBB47EEB033}
		{411E7880-3731-4A76-AA2C-17B87343689D} = {3782110F-B58B-46B4-959A-972151B59453}
		{49172319-FAD2-4DCA-B759-89940BB1F310} = {3782110F-B58B-46B4-959A-972151B59453}
		{2E38A2F6-1D86-42A8-901D-91DA1226E44D} = {CA7FBA5D-4484-4342-8917-5DBB47EEB033}
	EndGlobalSection
	GlobalSection(ExtensibilityGlobals) = postSolution
		SolutionGuid = {E3185FFF-5651-4B0F-8464-A600A9CE07F4}
	EndGlobalSection
EndGlobal
